
Microsoft Visual Studio Solution File, Format Version 12.00
# Visual Studio Version 17
VisualStudioVersion = 17.1.32210.238
MinimumVisualStudioVersion = 10.0.40219.1
Project("{FAE04EC0-301F-11D3-BF4B-00C04F79EFBC}") = "User-API", "User-API\User-API.csproj", "{EB028054-8EE7-4B7D-9237-2293DF93AB33}"
EndProject
Global
	GlobalSection(SolutionConfigurationPlatforms) = preSolution
		Debug|Any CPU = Debug|Any CPU
		Release|Any CPU = Release|Any CPU
	EndGlobalSection
	GlobalSection(ProjectConfigurationPlatforms) = postSolution
		{EB028054-8EE7-4B7D-9237-2293DF93AB33}.Debug|Any CPU.ActiveCfg = Debug|Any CPU
		{EB028054-8EE7-4B7D-9237-2293DF93AB33}.Debug|Any CPU.Build.0 = Debug|Any CPU
		{EB028054-8EE7-4B7D-9237-2293DF93AB33}.Release|Any CPU.ActiveCfg = Release|Any CPU
		{EB028054-8EE7-4B7D-9237-2293DF93AB33}.Release|Any CPU.Build.0 = Release|Any CPU
	EndGlobalSection
	GlobalSection(SolutionProperties) = preSolution
		HideSolutionNode = FALSE
	EndGlobalSection
	GlobalSection(ExtensibilityGlobals) = postSolution
		SolutionGuid = {6EA0BC0A-5981-4934-8A8E-E6F6F63B2758}
	EndGlobalSection
EndGlobal
